
Microsoft Visual Studio Solution File, Format Version 12.00
# Visual Studio Version 16
VisualStudioVersion = 16.0.29806.167
MinimumVisualStudioVersion = 10.0.40219.1
Project("{FAE04EC0-301F-11D3-BF4B-00C04F79EFBC}") = "A16", "A16\A16.csproj", "{842ED230-036B-495C-94B0-D1C81E83C388}"
EndProject
Global
	GlobalSection(SolutionConfigurationPlatforms) = preSolution
		Debug|Any CPU = Debug|Any CPU
		Release|Any CPU = Release|Any CPU
	EndGlobalSection
	GlobalSection(ProjectConfigurationPlatforms) = postSolution
		{842ED230-036B-495C-94B0-D1C81E83C388}.Debug|Any CPU.ActiveCfg = Debug|Any CPU
		{842ED230-036B-495C-94B0-D1C81E83C388}.Debug|Any CPU.Build.0 = Debug|Any CPU
		{842ED230-036B-495C-94B0-D1C81E83C388}.Release|Any CPU.ActiveCfg = Release|Any CPU
		{842ED230-036B-495C-94B0-D1C81E83C388}.Release|Any CPU.Build.0 = Release|Any CPU
	EndGlobalSection
	GlobalSection(SolutionProperties) = preSolution
		HideSolutionNode = FALSE
	EndGlobalSection
	GlobalSection(ExtensibilityGlobals) = postSolution
		SolutionGuid = {C8AA8024-2890-40A7-B93A-98588B50C9E0}
	EndGlobalSection
EndGlobal
