
Microsoft Visual Studio Solution File, Format Version 12.00
# Visual Studio Version 16
VisualStudioVersion = 16.0.29806.167
MinimumVisualStudioVersion = 10.0.40219.1
Project("{FAE04EC0-301F-11D3-BF4B-00C04F79EFBC}") = "C3", "C3\C3.csproj", "{91B9D336-C7EB-4A6E-A807-6E46359596EC}"
EndProject
Global
	GlobalSection(SolutionConfigurationPlatforms) = preSolution
		Debug|Any CPU = Debug|Any CPU
		Release|Any CPU = Release|Any CPU
	EndGlobalSection
	GlobalSection(ProjectConfigurationPlatforms) = postSolution
		{91B9D336-C7EB-4A6E-A807-6E46359596EC}.Debug|Any CPU.ActiveCfg = Debug|Any CPU
		{91B9D336-C7EB-4A6E-A807-6E46359596EC}.Debug|Any CPU.Build.0 = Debug|Any CPU
		{91B9D336-C7EB-4A6E-A807-6E46359596EC}.Release|Any CPU.ActiveCfg = Release|Any CPU
		{91B9D336-C7EB-4A6E-A807-6E46359596EC}.Release|Any CPU.Build.0 = Release|Any CPU
	EndGlobalSection
	GlobalSection(SolutionProperties) = preSolution
		HideSolutionNode = FALSE
	EndGlobalSection
	GlobalSection(ExtensibilityGlobals) = postSolution
		SolutionGuid = {10AE3F26-BCB9-4B3F-98A9-7412025BA9FA}
	EndGlobalSection
EndGlobal
